// !$*UTF8*$!
{
	archiveVersion = 1;
	classes = {
	};
	objectVersion = 46;
	objects = {

/* Begin PBXBuildFile section */
		D8901163195F4B97002BBE2B /* Foundation.framework in Frameworks */ = {isa = PBXBuildFile; fileRef = D8901162195F4B97002BBE2B /* Foundation.framework */; };
		D8901165195F4B97002BBE2B /* CoreGraphics.framework in Frameworks */ = {isa = PBXBuildFile; fileRef = D8901164195F4B97002BBE2B /* CoreGraphics.framework */; };
		D8901167195F4B97002BBE2B /* UIKit.framework in Frameworks */ = {isa = PBXBuildFile; fileRef = D8901166195F4B97002BBE2B /* UIKit.framework */; };
		D8901185195F4B97002BBE2B /* XCTest.framework in Frameworks */ = {isa = PBXBuildFile; fileRef = D8901184195F4B97002BBE2B /* XCTest.framework */; };
		D8901186195F4B97002BBE2B /* Foundation.framework in Frameworks */ = {isa = PBXBuildFile; fileRef = D8901162195F4B97002BBE2B /* Foundation.framework */; };
		D8901187195F4B97002BBE2B /* UIKit.framework in Frameworks */ = {isa = PBXBuildFile; fileRef = D8901166195F4B97002BBE2B /* UIKit.framework */; };
		D890118F195F4B97002BBE2B /* InfoPlist.strings in Resources */ = {isa = PBXBuildFile; fileRef = D890118D195F4B97002BBE2B /* InfoPlist.strings */; };
		D8901191195F4B97002BBE2B /* KVCalendarPickerViewTests.m in Sources */ = {isa = PBXBuildFile; fileRef = D8901190195F4B97002BBE2B /* KVCalendarPickerViewTests.m */; };
		D89011CB195F4C5D002BBE2B /* InfoPlist.strings in Resources */ = {isa = PBXBuildFile; fileRef = D89011A0195F4C5D002BBE2B /* InfoPlist.strings */; };
		D89011CC195F4C5D002BBE2B /* Images.xcassets in Resources */ = {isa = PBXBuildFile; fileRef = D89011A2195F4C5D002BBE2B /* Images.xcassets */; };
		D89011CD195F4C5D002BBE2B /* KVAppDelegate.m in Sources */ = {isa = PBXBuildFile; fileRef = D89011A4195F4C5D002BBE2B /* KVAppDelegate.m */; };
		D89011CE195F4C5D002BBE2B /* KVCalendarConstants.m in Sources */ = {isa = PBXBuildFile; fileRef = D89011A7195F4C5D002BBE2B /* KVCalendarConstants.m */; };
		D89011CF195F4C5D002BBE2B /* KVCalendarDateController.m in Sources */ = {isa = PBXBuildFile; fileRef = D89011A9195F4C5D002BBE2B /* KVCalendarDateController.m */; };
		D89011D0195F4C5D002BBE2B /* KVCalendarDateTile.m in Sources */ = {isa = PBXBuildFile; fileRef = D89011AB195F4C5D002BBE2B /* KVCalendarDateTile.m */; };
		D89011D1195F4C5D002BBE2B /* KVCalendarEmptyTile.m in Sources */ = {isa = PBXBuildFile; fileRef = D89011AD195F4C5D002BBE2B /* KVCalendarEmptyTile.m */; };
		D89011D2195F4C5D002BBE2B /* KVCalendarMonthTile.m in Sources */ = {isa = PBXBuildFile; fileRef = D89011AF195F4C5D002BBE2B /* KVCalendarMonthTile.m */; };
		D89011D3195F4C5D002BBE2B /* KVCalendarPickerView.m in Sources */ = {isa = PBXBuildFile; fileRef = D89011B1195F4C5D002BBE2B /* KVCalendarPickerView.m */; };
		D89011D4195F4C5D002BBE2B /* KVCalendarScrollView+Protected.m in Sources */ = {isa = PBXBuildFile; fileRef = D89011B3195F4C5D002BBE2B /* KVCalendarScrollView+Protected.m */; };
		D89011D5195F4C5D002BBE2B /* KVCalendarScrollView.m in Sources */ = {isa = PBXBuildFile; fileRef = D89011B5195F4C5D002BBE2B /* KVCalendarScrollView.m */; };
		D89011D7195F4C5D002BBE2B /* KVCalendarTile.m in Sources */ = {isa = PBXBuildFile; fileRef = D89011B9195F4C5D002BBE2B /* KVCalendarTile.m */; };
		D89011D8195F4C5D002BBE2B /* KVDateTileProvider.m in Sources */ = {isa = PBXBuildFile; fileRef = D89011BB195F4C5D002BBE2B /* KVDateTileProvider.m */; };
		D89011D9195F4C5D002BBE2B /* KVEmptyTileProvider.m in Sources */ = {isa = PBXBuildFile; fileRef = D89011BD195F4C5D002BBE2B /* KVEmptyTileProvider.m */; };
		D89011DA195F4C5D002BBE2B /* KVMonthTileProvider.m in Sources */ = {isa = PBXBuildFile; fileRef = D89011BF195F4C5D002BBE2B /* KVMonthTileProvider.m */; };
		D89011DB195F4C5D002BBE2B /* KVTileProvider.m in Sources */ = {isa = PBXBuildFile; fileRef = D89011C1195F4C5D002BBE2B /* KVTileProvider.m */; };
		D89011DC195F4C5D002BBE2B /* NSDate+KVCalendarUtils.m in Sources */ = {isa = PBXBuildFile; fileRef = D89011C3195F4C5D002BBE2B /* NSDate+KVCalendarUtils.m */; };
		D89011DE195F4C5D002BBE2B /* KVViewController.m in Sources */ = {isa = PBXBuildFile; fileRef = D89011C7195F4C5D002BBE2B /* KVViewController.m */; };
		D89011DF195F4C5D002BBE2B /* main.m in Sources */ = {isa = PBXBuildFile; fileRef = D89011C8195F4C5D002BBE2B /* main.m */; };
		D89011E4195F4F48002BBE2B /* Main_iPad.storyboard in Resources */ = {isa = PBXBuildFile; fileRef = D89011E0195F4F48002BBE2B /* Main_iPad.storyboard */; };
		D89011E5195F4F48002BBE2B /* Main_iPhone.storyboard in Resources */ = {isa = PBXBuildFile; fileRef = D89011E2195F4F48002BBE2B /* Main_iPhone.storyboard */; };
/* End PBXBuildFile section */

/* Begin PBXContainerItemProxy section */
		D8901188195F4B97002BBE2B /* PBXContainerItemProxy */ = {
			isa = PBXContainerItemProxy;
			containerPortal = D8901157195F4B96002BBE2B /* Project object */;
			proxyType = 1;
			remoteGlobalIDString = D890115E195F4B97002BBE2B;
			remoteInfo = KVCalendarPickerView;
		};
/* End PBXContainerItemProxy section */

/* Begin PBXFileReference section */
		D890115F195F4B97002BBE2B /* KVCalendarPickerView.app */ = {isa = PBXFileReference; explicitFileType = wrapper.application; includeInIndex = 0; path = KVCalendarPickerView.app; sourceTree = BUILT_PRODUCTS_DIR; };
		D8901162195F4B97002BBE2B /* Foundation.framework */ = {isa = PBXFileReference; lastKnownFileType = wrapper.framework; name = Foundation.framework; path = System/Library/Frameworks/Foundation.framework; sourceTree = SDKROOT; };
		D8901164195F4B97002BBE2B /* CoreGraphics.framework */ = {isa = PBXFileReference; lastKnownFileType = wrapper.framework; name = CoreGraphics.framework; path = System/Library/Frameworks/CoreGraphics.framework; sourceTree = SDKROOT; };
		D8901166195F4B97002BBE2B /* UIKit.framework */ = {isa = PBXFileReference; lastKnownFileType = wrapper.framework; name = UIKit.framework; path = System/Library/Frameworks/UIKit.framework; sourceTree = SDKROOT; };
		D8901183195F4B97002BBE2B /* KVCalendarPickerViewTests.xctest */ = {isa = PBXFileReference; explicitFileType = wrapper.cfbundle; includeInIndex = 0; path = KVCalendarPickerViewTests.xctest; sourceTree = BUILT_PRODUCTS_DIR; };
		D8901184195F4B97002BBE2B /* XCTest.framework */ = {isa = PBXFileReference; lastKnownFileType = wrapper.framework; name = XCTest.framework; path = Library/Frameworks/XCTest.framework; sourceTree = DEVELOPER_DIR; };
		D890118C195F4B97002BBE2B /* KVCalendarPickerViewTests-Info.plist */ = {isa = PBXFileReference; lastKnownFileType = text.plist.xml; path = "KVCalendarPickerViewTests-Info.plist"; sourceTree = "<group>"; };
		D890118E195F4B97002BBE2B /* en */ = {isa = PBXFileReference; lastKnownFileType = text.plist.strings; name = en; path = en.lproj/InfoPlist.strings; sourceTree = "<group>"; };
		D8901190195F4B97002BBE2B /* KVCalendarPickerViewTests.m */ = {isa = PBXFileReference; lastKnownFileType = sourcecode.c.objc; path = KVCalendarPickerViewTests.m; sourceTree = "<group>"; };
		D89011A1195F4C5D002BBE2B /* en */ = {isa = PBXFileReference; lastKnownFileType = text.plist.strings; name = en; path = InfoPlist.strings; sourceTree = "<group>"; };
		D89011A2195F4C5D002BBE2B /* Images.xcassets */ = {isa = PBXFileReference; lastKnownFileType = folder.assetcatalog; path = Images.xcassets; sourceTree = "<group>"; };
		D89011A3195F4C5D002BBE2B /* KVAppDelegate.h */ = {isa = PBXFileReference; fileEncoding = 4; lastKnownFileType = sourcecode.c.h; path = KVAppDelegate.h; sourceTree = "<group>"; };
		D89011A4195F4C5D002BBE2B /* KVAppDelegate.m */ = {isa = PBXFileReference; fileEncoding = 4; lastKnownFileType = sourcecode.c.objc; path = KVAppDelegate.m; sourceTree = "<group>"; };
		D89011A6195F4C5D002BBE2B /* KVCalendarConstants.h */ = {isa = PBXFileReference; fileEncoding = 4; lastKnownFileType = sourcecode.c.h; path = KVCalendarConstants.h; sourceTree = "<group>"; };
		D89011A7195F4C5D002BBE2B /* KVCalendarConstants.m */ = {isa = PBXFileReference; fileEncoding = 4; lastKnownFileType = sourcecode.c.objc; path = KVCalendarConstants.m; sourceTree = "<group>"; };
		D89011A8195F4C5D002BBE2B /* KVCalendarDateController.h */ = {isa = PBXFileReference; fileEncoding = 4; lastKnownFileType = sourcecode.c.h; path = KVCalendarDateController.h; sourceTree = "<group>"; };
		D89011A9195F4C5D002BBE2B /* KVCalendarDateController.m */ = {isa = PBXFileReference; fileEncoding = 4; lastKnownFileType = sourcecode.c.objc; path = KVCalendarDateController.m; sourceTree = "<group>"; };
		D89011AA195F4C5D002BBE2B /* KVCalendarDateTile.h */ = {isa = PBXFileReference; fileEncoding = 4; lastKnownFileType = sourcecode.c.h; path = KVCalendarDateTile.h; sourceTree = "<group>"; };
		D89011AB195F4C5D002BBE2B /* KVCalendarDateTile.m */ = {isa = PBXFileReference; fileEncoding = 4; lastKnownFileType = sourcecode.c.objc; path = KVCalendarDateTile.m; sourceTree = "<group>"; };
		D89011AC195F4C5D002BBE2B /* KVCalendarEmptyTile.h */ = {isa = PBXFileReference; fileEncoding = 4; lastKnownFileType = sourcecode.c.h; path = KVCalendarEmptyTile.h; sourceTree = "<group>"; };
		D89011AD195F4C5D002BBE2B /* KVCalendarEmptyTile.m */ = {isa = PBXFileReference; fileEncoding = 4; lastKnownFileType = sourcecode.c.objc; path = KVCalendarEmptyTile.m; sourceTree = "<group>"; };
		D89011AE195F4C5D002BBE2B /* KVCalendarMonthTile.h */ = {isa = PBXFileReference; fileEncoding = 4; lastKnownFileType = sourcecode.c.h; path = KVCalendarMonthTile.h; sourceTree = "<group>"; };
		D89011AF195F4C5D002BBE2B /* KVCalendarMonthTile.m */ = {isa = PBXFileReference; fileEncoding = 4; lastKnownFileType = sourcecode.c.objc; path = KVCalendarMonthTile.m; sourceTree = "<group>"; };
		D89011B0195F4C5D002BBE2B /* KVCalendarPickerView.h */ = {isa = PBXFileReference; fileEncoding = 4; lastKnownFileType = sourcecode.c.h; path = KVCalendarPickerView.h; sourceTree = "<group>"; };
		D89011B1195F4C5D002BBE2B /* KVCalendarPickerView.m */ = {isa = PBXFileReference; fileEncoding = 4; lastKnownFileType = sourcecode.c.objc; path = KVCalendarPickerView.m; sourceTree = "<group>"; };
		D89011B2195F4C5D002BBE2B /* KVCalendarScrollView+Protected.h */ = {isa = PBXFileReference; fileEncoding = 4; lastKnownFileType = sourcecode.c.h; path = "KVCalendarScrollView+Protected.h"; sourceTree = "<group>"; };
		D89011B3195F4C5D002BBE2B /* KVCalendarScrollView+Protected.m */ = {isa = PBXFileReference; fileEncoding = 4; lastKnownFileType = sourcecode.c.objc; path = "KVCalendarScrollView+Protected.m"; sourceTree = "<group>"; };
		D89011B4195F4C5D002BBE2B /* KVCalendarScrollView.h */ = {isa = PBXFileReference; fileEncoding = 4; lastKnownFileType = sourcecode.c.h; path = KVCalendarScrollView.h; sourceTree = "<group>"; };
		D89011B5195F4C5D002BBE2B /* KVCalendarScrollView.m */ = {isa = PBXFileReference; fileEncoding = 4; lastKnownFileType = sourcecode.c.objc; path = KVCalendarScrollView.m; sourceTree = "<group>"; };
		D89011B8195F4C5D002BBE2B /* KVCalendarTile.h */ = {isa = PBXFileReference; fileEncoding = 4; lastKnownFileType = sourcecode.c.h; path = KVCalendarTile.h; sourceTree = "<group>"; };
		D89011B9195F4C5D002BBE2B /* KVCalendarTile.m */ = {isa = PBXFileReference; fileEncoding = 4; lastKnownFileType = sourcecode.c.objc; path = KVCalendarTile.m; sourceTree = "<group>"; };
		D89011BA195F4C5D002BBE2B /* KVDateTileProvider.h */ = {isa = PBXFileReference; fileEncoding = 4; lastKnownFileType = sourcecode.c.h; path = KVDateTileProvider.h; sourceTree = "<group>"; };
		D89011BB195F4C5D002BBE2B /* KVDateTileProvider.m */ = {isa = PBXFileReference; fileEncoding = 4; lastKnownFileType = sourcecode.c.objc; path = KVDateTileProvider.m; sourceTree = "<group>"; };
		D89011BC195F4C5D002BBE2B /* KVEmptyTileProvider.h */ = {isa = PBXFileReference; fileEncoding = 4; lastKnownFileType = sourcecode.c.h; path = KVEmptyTileProvider.h; sourceTree = "<group>"; };
		D89011BD195F4C5D002BBE2B /* KVEmptyTileProvider.m */ = {isa = PBXFileReference; fileEncoding = 4; lastKnownFileType = sourcecode.c.objc; path = KVEmptyTileProvider.m; sourceTree = "<group>"; };
		D89011BE195F4C5D002BBE2B /* KVMonthTileProvider.h */ = {isa = PBXFileReference; fileEncoding = 4; lastKnownFileType = sourcecode.c.h; path = KVMonthTileProvider.h; sourceTree = "<group>"; };
		D89011BF195F4C5D002BBE2B /* KVMonthTileProvider.m */ = {isa = PBXFileReference; fileEncoding = 4; lastKnownFileType = sourcecode.c.objc; path = KVMonthTileProvider.m; sourceTree = "<group>"; };
		D89011C0195F4C5D002BBE2B /* KVTileProvider.h */ = {isa = PBXFileReference; fileEncoding = 4; lastKnownFileType = sourcecode.c.h; path = KVTileProvider.h; sourceTree = "<group>"; };
		D89011C1195F4C5D002BBE2B /* KVTileProvider.m */ = {isa = PBXFileReference; fileEncoding = 4; lastKnownFileType = sourcecode.c.objc; path = KVTileProvider.m; sourceTree = "<group>"; };
		D89011C2195F4C5D002BBE2B /* NSDate+KVCalendarUtils.h */ = {isa = PBXFileReference; fileEncoding = 4; lastKnownFileType = sourcecode.c.h; path = "NSDate+KVCalendarUtils.h"; sourceTree = "<group>"; };
		D89011C3195F4C5D002BBE2B /* NSDate+KVCalendarUtils.m */ = {isa = PBXFileReference; fileEncoding = 4; lastKnownFileType = sourcecode.c.objc; path = "NSDate+KVCalendarUtils.m"; sourceTree = "<group>"; };
		D89011C4195F4C5D002BBE2B /* KVCalendarPickerView-Info.plist */ = {isa = PBXFileReference; fileEncoding = 4; lastKnownFileType = text.plist.xml; path = "KVCalendarPickerView-Info.plist"; sourceTree = "<group>"; };
		D89011C5195F4C5D002BBE2B /* KVCalendarPickerView-Prefix.pch */ = {isa = PBXFileReference; fileEncoding = 4; lastKnownFileType = sourcecode.c.h; path = "KVCalendarPickerView-Prefix.pch"; sourceTree = "<group>"; };
		D89011C6195F4C5D002BBE2B /* KVViewController.h */ = {isa = PBXFileReference; fileEncoding = 4; lastKnownFileType = sourcecode.c.h; path = KVViewController.h; sourceTree = "<group>"; };
		D89011C7195F4C5D002BBE2B /* KVViewController.m */ = {isa = PBXFileReference; fileEncoding = 4; lastKnownFileType = sourcecode.c.objc; path = KVViewController.m; sourceTree = "<group>"; };
		D89011C8195F4C5D002BBE2B /* main.m */ = {isa = PBXFileReference; fileEncoding = 4; lastKnownFileType = sourcecode.c.objc; path = main.m; sourceTree = "<group>"; };
		D89011E1195F4F48002BBE2B /* Base */ = {isa = PBXFileReference; lastKnownFileType = file.storyboard; name = Base; path = Main_iPad.storyboard; sourceTree = "<group>"; };
		D89011E3195F4F48002BBE2B /* Base */ = {isa = PBXFileReference; lastKnownFileType = file.storyboard; name = Base; path = Main_iPhone.storyboard; sourceTree = "<group>"; };
/* End PBXFileReference section */

/* Begin PBXFrameworksBuildPhase section */
		D890115C195F4B97002BBE2B /* Frameworks */ = {
			isa = PBXFrameworksBuildPhase;
			buildActionMask = 2147483647;
			files = (
				D8901165195F4B97002BBE2B /* CoreGraphics.framework in Frameworks */,
				D8901167195F4B97002BBE2B /* UIKit.framework in Frameworks */,
				D8901163195F4B97002BBE2B /* Foundation.framework in Frameworks */,
			);
			runOnlyForDeploymentPostprocessing = 0;
		};
		D8901180195F4B97002BBE2B /* Frameworks */ = {
			isa = PBXFrameworksBuildPhase;
			buildActionMask = 2147483647;
			files = (
				D8901185195F4B97002BBE2B /* XCTest.framework in Frameworks */,
				D8901187195F4B97002BBE2B /* UIKit.framework in Frameworks */,
				D8901186195F4B97002BBE2B /* Foundation.framework in Frameworks */,
			);
			runOnlyForDeploymentPostprocessing = 0;
		};
/* End PBXFrameworksBuildPhase section */

/* Begin PBXGroup section */
		D8901156195F4B96002BBE2B = {
			isa = PBXGroup;
			children = (
				D890119A195F4C5D002BBE2B /* Base.lproj */,
				D890119F195F4C5D002BBE2B /* en.lproj */,
				D89011A2195F4C5D002BBE2B /* Images.xcassets */,
				D89011A3195F4C5D002BBE2B /* KVAppDelegate.h */,
				D89011A4195F4C5D002BBE2B /* KVAppDelegate.m */,
				D89011A5195F4C5D002BBE2B /* KVCalendarPickerView */,
				D89011C4195F4C5D002BBE2B /* KVCalendarPickerView-Info.plist */,
				D89011C5195F4C5D002BBE2B /* KVCalendarPickerView-Prefix.pch */,
				D89011C6195F4C5D002BBE2B /* KVViewController.h */,
				D89011C7195F4C5D002BBE2B /* KVViewController.m */,
				D89011C8195F4C5D002BBE2B /* main.m */,
				D890118A195F4B97002BBE2B /* KVCalendarPickerViewTests */,
				D8901161195F4B97002BBE2B /* Frameworks */,
				D8901160195F4B97002BBE2B /* Products */,
			);
			sourceTree = "<group>";
		};
		D8901160195F4B97002BBE2B /* Products */ = {
			isa = PBXGroup;
			children = (
				D890115F195F4B97002BBE2B /* KVCalendarPickerView.app */,
				D8901183195F4B97002BBE2B /* KVCalendarPickerViewTests.xctest */,
			);
			name = Products;
			sourceTree = "<group>";
		};
		D8901161195F4B97002BBE2B /* Frameworks */ = {
			isa = PBXGroup;
			children = (
				D8901162195F4B97002BBE2B /* Foundation.framework */,
				D8901164195F4B97002BBE2B /* CoreGraphics.framework */,
				D8901166195F4B97002BBE2B /* UIKit.framework */,
				D8901184195F4B97002BBE2B /* XCTest.framework */,
			);
			name = Frameworks;
			sourceTree = "<group>";
		};
		D890118A195F4B97002BBE2B /* KVCalendarPickerViewTests */ = {
			isa = PBXGroup;
			children = (
				D8901190195F4B97002BBE2B /* KVCalendarPickerViewTests.m */,
				D890118B195F4B97002BBE2B /* Supporting Files */,
			);
			path = KVCalendarPickerViewTests;
			sourceTree = "<group>";
		};
		D890118B195F4B97002BBE2B /* Supporting Files */ = {
			isa = PBXGroup;
			children = (
				D890118C195F4B97002BBE2B /* KVCalendarPickerViewTests-Info.plist */,
				D890118D195F4B97002BBE2B /* InfoPlist.strings */,
			);
			name = "Supporting Files";
			sourceTree = "<group>";
		};
		D890119A195F4C5D002BBE2B /* Base.lproj */ = {
			isa = PBXGroup;
			children = (
				D89011E0195F4F48002BBE2B /* Main_iPad.storyboard */,
				D89011E2195F4F48002BBE2B /* Main_iPhone.storyboard */,
			);
			path = Base.lproj;
			sourceTree = "<group>";
		};
		D890119F195F4C5D002BBE2B /* en.lproj */ = {
			isa = PBXGroup;
			children = (
				D89011A0195F4C5D002BBE2B /* InfoPlist.strings */,
			);
			path = en.lproj;
			sourceTree = "<group>";
		};
		D89011A5195F4C5D002BBE2B /* KVCalendarPickerView */ = {
			isa = PBXGroup;
			children = (
				D89011A6195F4C5D002BBE2B /* KVCalendarConstants.h */,
				D89011A7195F4C5D002BBE2B /* KVCalendarConstants.m */,
				D89011A8195F4C5D002BBE2B /* KVCalendarDateController.h */,
				D89011A9195F4C5D002BBE2B /* KVCalendarDateController.m */,
				D89011AA195F4C5D002BBE2B /* KVCalendarDateTile.h */,
				D89011AB195F4C5D002BBE2B /* KVCalendarDateTile.m */,
				D89011AC195F4C5D002BBE2B /* KVCalendarEmptyTile.h */,
				D89011AD195F4C5D002BBE2B /* KVCalendarEmptyTile.m */,
				D89011AE195F4C5D002BBE2B /* KVCalendarMonthTile.h */,
				D89011AF195F4C5D002BBE2B /* KVCalendarMonthTile.m */,
				D89011B0195F4C5D002BBE2B /* KVCalendarPickerView.h */,
				D89011B1195F4C5D002BBE2B /* KVCalendarPickerView.m */,
				D89011B2195F4C5D002BBE2B /* KVCalendarScrollView+Protected.h */,
				D89011B3195F4C5D002BBE2B /* KVCalendarScrollView+Protected.m */,
				D89011B4195F4C5D002BBE2B /* KVCalendarScrollView.h */,
				D89011B5195F4C5D002BBE2B /* KVCalendarScrollView.m */,
				D89011B8195F4C5D002BBE2B /* KVCalendarTile.h */,
				D89011B9195F4C5D002BBE2B /* KVCalendarTile.m */,
				D89011BA195F4C5D002BBE2B /* KVDateTileProvider.h */,
				D89011BB195F4C5D002BBE2B /* KVDateTileProvider.m */,
				D89011BC195F4C5D002BBE2B /* KVEmptyTileProvider.h */,
				D89011BD195F4C5D002BBE2B /* KVEmptyTileProvider.m */,
				D89011BE195F4C5D002BBE2B /* KVMonthTileProvider.h */,
				D89011BF195F4C5D002BBE2B /* KVMonthTileProvider.m */,
				D89011C0195F4C5D002BBE2B /* KVTileProvider.h */,
				D89011C1195F4C5D002BBE2B /* KVTileProvider.m */,
				D89011C2195F4C5D002BBE2B /* NSDate+KVCalendarUtils.h */,
				D89011C3195F4C5D002BBE2B /* NSDate+KVCalendarUtils.m */,
			);
			path = KVCalendarPickerView;
			sourceTree = "<group>";
		};
/* End PBXGroup section */

/* Begin PBXNativeTarget section */
		D890115E195F4B97002BBE2B /* KVCalendarPickerView */ = {
			isa = PBXNativeTarget;
			buildConfigurationList = D8901194195F4B97002BBE2B /* Build configuration list for PBXNativeTarget "KVCalendarPickerView" */;
			buildPhases = (
				D890115B195F4B97002BBE2B /* Sources */,
				D890115C195F4B97002BBE2B /* Frameworks */,
				D890115D195F4B97002BBE2B /* Resources */,
			);
			buildRules = (
			);
			dependencies = (
			);
			name = KVCalendarPickerView;
			productName = KVCalendarPickerView;
			productReference = D890115F195F4B97002BBE2B /* KVCalendarPickerView.app */;
			productType = "com.apple.product-type.application";
		};
		D8901182195F4B97002BBE2B /* KVCalendarPickerViewTests */ = {
			isa = PBXNativeTarget;
			buildConfigurationList = D8901197195F4B97002BBE2B /* Build configuration list for PBXNativeTarget "KVCalendarPickerViewTests" */;
			buildPhases = (
				D890117F195F4B97002BBE2B /* Sources */,
				D8901180195F4B97002BBE2B /* Frameworks */,
				D8901181195F4B97002BBE2B /* Resources */,
			);
			buildRules = (
			);
			dependencies = (
				D8901189195F4B97002BBE2B /* PBXTargetDependency */,
			);
			name = KVCalendarPickerViewTests;
			productName = KVCalendarPickerViewTests;
			productReference = D8901183195F4B97002BBE2B /* KVCalendarPickerViewTests.xctest */;
			productType = "com.apple.product-type.bundle.unit-test";
		};
/* End PBXNativeTarget section */

/* Begin PBXProject section */
		D8901157195F4B96002BBE2B /* Project object */ = {
			isa = PBXProject;
			attributes = {
				CLASSPREFIX = KV;
				LastUpgradeCheck = 0510;
				ORGANIZATIONNAME = Kotkovets;
				TargetAttributes = {
					D8901182195F4B97002BBE2B = {
						TestTargetID = D890115E195F4B97002BBE2B;
					};
				};
			};
			buildConfigurationList = D890115A195F4B96002BBE2B /* Build configuration list for PBXProject "KVCalendarPickerView" */;
			compatibilityVersion = "Xcode 3.2";
			developmentRegion = English;
			hasScannedForEncodings = 0;
			knownRegions = (
				en,
				Base,
			);
			mainGroup = D8901156195F4B96002BBE2B;
			productRefGroup = D8901160195F4B97002BBE2B /* Products */;
			projectDirPath = "";
			projectRoot = "";
			targets = (
				D890115E195F4B97002BBE2B /* KVCalendarPickerView */,
				D8901182195F4B97002BBE2B /* KVCalendarPickerViewTests */,
			);
		};
/* End PBXProject section */

/* Begin PBXResourcesBuildPhase section */
		D890115D195F4B97002BBE2B /* Resources */ = {
			isa = PBXResourcesBuildPhase;
			buildActionMask = 2147483647;
			files = (
				D89011E5195F4F48002BBE2B /* Main_iPhone.storyboard in Resources */,
				D89011E4195F4F48002BBE2B /* Main_iPad.storyboard in Resources */,
				D89011CC195F4C5D002BBE2B /* Images.xcassets in Resources */,
				D89011CB195F4C5D002BBE2B /* InfoPlist.strings in Resources */,
			);
			runOnlyForDeploymentPostprocessing = 0;
		};
		D8901181195F4B97002BBE2B /* Resources */ = {
			isa = PBXResourcesBuildPhase;
			buildActionMask = 2147483647;
			files = (
				D890118F195F4B97002BBE2B /* InfoPlist.strings in Resources */,
			);
			runOnlyForDeploymentPostprocessing = 0;
		};
/* End PBXResourcesBuildPhase section */

/* Begin PBXSourcesBuildPhase section */
		D890115B195F4B97002BBE2B /* Sources */ = {
			isa = PBXSourcesBuildPhase;
			buildActionMask = 2147483647;
			files = (
				D89011D3195F4C5D002BBE2B /* KVCalendarPickerView.m in Sources */,
				D89011D7195F4C5D002BBE2B /* KVCalendarTile.m in Sources */,
				D89011DA195F4C5D002BBE2B /* KVMonthTileProvider.m in Sources */,
				D89011DB195F4C5D002BBE2B /* KVTileProvider.m in Sources */,
				D89011CF195F4C5D002BBE2B /* KVCalendarDateController.m in Sources */,
				D89011D8195F4C5D002BBE2B /* KVDateTileProvider.m in Sources */,
				D89011D4195F4C5D002BBE2B /* KVCalendarScrollView+Protected.m in Sources */,
				D89011CE195F4C5D002BBE2B /* KVCalendarConstants.m in Sources */,
				D89011D0195F4C5D002BBE2B /* KVCalendarDateTile.m in Sources */,
				D89011DC195F4C5D002BBE2B /* NSDate+KVCalendarUtils.m in Sources */,
				D89011DE195F4C5D002BBE2B /* KVViewController.m in Sources */,
				D89011D2195F4C5D002BBE2B /* KVCalendarMonthTile.m in Sources */,
				D89011CD195F4C5D002BBE2B /* KVAppDelegate.m in Sources */,
				D89011D9195F4C5D002BBE2B /* KVEmptyTileProvider.m in Sources */,
				D89011D1195F4C5D002BBE2B /* KVCalendarEmptyTile.m in Sources */,
				D89011DF195F4C5D002BBE2B /* main.m in Sources */,
				D89011D5195F4C5D002BBE2B /* KVCalendarScrollView.m in Sources */,
			);
			runOnlyForDeploymentPostprocessing = 0;
		};
		D890117F195F4B97002BBE2B /* Sources */ = {
			isa = PBXSourcesBuildPhase;
			buildActionMask = 2147483647;
			files = (
				D8901191195F4B97002BBE2B /* KVCalendarPickerViewTests.m in Sources */,
			);
			runOnlyForDeploymentPostprocessing = 0;
		};
/* End PBXSourcesBuildPhase section */

/* Begin PBXTargetDependency section */
		D8901189195F4B97002BBE2B /* PBXTargetDependency */ = {
			isa = PBXTargetDependency;
			target = D890115E195F4B97002BBE2B /* KVCalendarPickerView */;
			targetProxy = D8901188195F4B97002BBE2B /* PBXContainerItemProxy */;
		};
/* End PBXTargetDependency section */

/* Begin PBXVariantGroup section */
		D890118D195F4B97002BBE2B /* InfoPlist.strings */ = {
			isa = PBXVariantGroup;
			children = (
				D890118E195F4B97002BBE2B /* en */,
			);
			name = InfoPlist.strings;
			sourceTree = "<group>";
		};
		D89011A0195F4C5D002BBE2B /* InfoPlist.strings */ = {
			isa = PBXVariantGroup;
			children = (
				D89011A1195F4C5D002BBE2B /* en */,
			);
			name = InfoPlist.strings;
			sourceTree = "<group>";
		};
		D89011E0195F4F48002BBE2B /* Main_iPad.storyboard */ = {
			isa = PBXVariantGroup;
			children = (
				D89011E1195F4F48002BBE2B /* Base */,
			);
			name = Main_iPad.storyboard;
			sourceTree = "<group>";
		};
		D89011E2195F4F48002BBE2B /* Main_iPhone.storyboard */ = {
			isa = PBXVariantGroup;
			children = (
				D89011E3195F4F48002BBE2B /* Base */,
			);
			name = Main_iPhone.storyboard;
			sourceTree = "<group>";
		};
/* End PBXVariantGroup section */

/* Begin XCBuildConfiguration section */
		D8901192195F4B97002BBE2B /* Debug */ = {
			isa = XCBuildConfiguration;
			buildSettings = {
				ALWAYS_SEARCH_USER_PATHS = NO;
				CLANG_CXX_LANGUAGE_STANDARD = "gnu++0x";
				CLANG_CXX_LIBRARY = "libc++";
				CLANG_ENABLE_MODULES = YES;
				CLANG_ENABLE_OBJC_ARC = YES;
				CLANG_WARN_BOOL_CONVERSION = YES;
				CLANG_WARN_CONSTANT_CONVERSION = YES;
				CLANG_WARN_DIRECT_OBJC_ISA_USAGE = YES_ERROR;
				CLANG_WARN_EMPTY_BODY = YES;
				CLANG_WARN_ENUM_CONVERSION = YES;
				CLANG_WARN_INT_CONVERSION = YES;
				CLANG_WARN_OBJC_ROOT_CLASS = YES_ERROR;
				CLANG_WARN__DUPLICATE_METHOD_MATCH = YES;
				"CODE_SIGN_IDENTITY[sdk=iphoneos*]" = "iPhone Developer";
				COPY_PHASE_STRIP = NO;
				GCC_C_LANGUAGE_STANDARD = gnu99;
				GCC_DYNAMIC_NO_PIC = NO;
				GCC_OPTIMIZATION_LEVEL = 0;
				GCC_PREPROCESSOR_DEFINITIONS = (
					"DEBUG=1",
					"$(inherited)",
				);
				GCC_SYMBOLS_PRIVATE_EXTERN = NO;
				GCC_WARN_64_TO_32_BIT_CONVERSION = YES;
				GCC_WARN_ABOUT_RETURN_TYPE = YES_ERROR;
				GCC_WARN_UNDECLARED_SELECTOR = YES;
				GCC_WARN_UNINITIALIZED_AUTOS = YES_AGGRESSIVE;
				GCC_WARN_UNUSED_FUNCTION = YES;
				GCC_WARN_UNUSED_VARIABLE = YES;
				IPHONEOS_DEPLOYMENT_TARGET = 7.1;
				ONLY_ACTIVE_ARCH = YES;
				SDKROOT = iphoneos;
				TARGETED_DEVICE_FAMILY = "1,2";
			};
			name = Debug;
		};
		D8901193195F4B97002BBE2B /* Release */ = {
			isa = XCBuildConfiguration;
			buildSettings = {
				ALWAYS_SEARCH_USER_PATHS = NO;
				CLANG_CXX_LANGUAGE_STANDARD = "gnu++0x";
				CLANG_CXX_LIBRARY = "libc++";
				CLANG_ENABLE_MODULES = YES;
				CLANG_ENABLE_OBJC_ARC = YES;
				CLANG_WARN_BOOL_CONVERSION = YES;
				CLANG_WARN_CONSTANT_CONVERSION = YES;
				CLANG_WARN_DIRECT_OBJC_ISA_USAGE = YES_ERROR;
				CLANG_WARN_EMPTY_BODY = YES;
				CLANG_WARN_ENUM_CONVERSION = YES;
				CLANG_WARN_INT_CONVERSION = YES;
				CLANG_WARN_OBJC_ROOT_CLASS = YES_ERROR;
				CLANG_WARN__DUPLICATE_METHOD_MATCH = YES;
				"CODE_SIGN_IDENTITY[sdk=iphoneos*]" = "iPhone Developer";
				COPY_PHASE_STRIP = YES;
				ENABLE_NS_ASSERTIONS = NO;
				GCC_C_LANGUAGE_STANDARD = gnu99;
				GCC_WARN_64_TO_32_BIT_CONVERSION = YES;
				GCC_WARN_ABOUT_RETURN_TYPE = YES_ERROR;
				GCC_WARN_UNDECLARED_SELECTOR = YES;
				GCC_WARN_UNINITIALIZED_AUTOS = YES_AGGRESSIVE;
				GCC_WARN_UNUSED_FUNCTION = YES;
				GCC_WARN_UNUSED_VARIABLE = YES;
				IPHONEOS_DEPLOYMENT_TARGET = 7.1;
				SDKROOT = iphoneos;
				TARGETED_DEVICE_FAMILY = "1,2";
				VALIDATE_PRODUCT = YES;
			};
			name = Release;
		};
		D8901195195F4B97002BBE2B /* Debug */ = {
			isa = XCBuildConfiguration;
			buildSettings = {
				ASSETCATALOG_COMPILER_APPICON_NAME = AppIcon;
				ASSETCATALOG_COMPILER_LAUNCHIMAGE_NAME = LaunchImage;
				GCC_PRECOMPILE_PREFIX_HEADER = YES;
				GCC_PREFIX_HEADER = "KVCalendarPickerView-Prefix.pch";
				INFOPLIST_FILE = "KVCalendarPickerView-Info.plist";
				PRODUCT_NAME = "$(TARGET_NAME)";
				WRAPPER_EXTENSION = app;
			};
			name = Debug;
		};
		D8901196195F4B97002BBE2B /* Release */ = {
			isa = XCBuildConfiguration;
			buildSettings = {
				ASSETCATALOG_COMPILER_APPICON_NAME = AppIcon;
				ASSETCATALOG_COMPILER_LAUNCHIMAGE_NAME = LaunchImage;
				GCC_PRECOMPILE_PREFIX_HEADER = YES;
				GCC_PREFIX_HEADER = "KVCalendarPickerView-Prefix.pch";
				INFOPLIST_FILE = "KVCalendarPickerView-Info.plist";
				PRODUCT_NAME = "$(TARGET_NAME)";
				WRAPPER_EXTENSION = app;
			};
			name = Release;
		};
		D8901198195F4B97002BBE2B /* Debug */ = {
			isa = XCBuildConfiguration;
			buildSettings = {
				BUNDLE_LOADER = "$(BUILT_PRODUCTS_DIR)/KVCalendarPickerView.app/KVCalendarPickerView";
				FRAMEWORK_SEARCH_PATHS = (
					"$(SDKROOT)/Developer/Library/Frameworks",
					"$(inherited)",
					"$(DEVELOPER_FRAMEWORKS_DIR)",
				);
				GCC_PRECOMPILE_PREFIX_HEADER = YES;
				GCC_PREFIX_HEADER = "KVCalendarPickerView/KVCalendarPickerView-Prefix.pch";
				GCC_PREPROCESSOR_DEFINITIONS = (
					"DEBUG=1",
					"$(inherited)",
				);
				INFOPLIST_FILE = "KVCalendarPickerViewTests/KVCalendarPickerViewTests-Info.plist";
				PRODUCT_NAME = "$(TARGET_NAME)";
				TEST_HOST = "$(BUNDLE_LOADER)";
				WRAPPER_EXTENSION = xctest;
			};
			name = Debug;
		};
		D8901199195F4B97002BBE2B /* Release */ = {
			isa = XCBuildConfiguration;
			buildSettings = {
				BUNDLE_LOADER = "$(BUILT_PRODUCTS_DIR)/KVCalendarPickerView.app/KVCalendarPickerView";
				FRAMEWORK_SEARCH_PATHS = (
					"$(SDKROOT)/Developer/Library/Frameworks",
					"$(inherited)",
					"$(DEVELOPER_FRAMEWORKS_DIR)",
				);
				GCC_PRECOMPILE_PREFIX_HEADER = YES;
				GCC_PREFIX_HEADER = "KVCalendarPickerView/KVCalendarPickerView-Prefix.pch";
				INFOPLIST_FILE = "KVCalendarPickerViewTests/KVCalendarPickerViewTests-Info.plist";
				PRODUCT_NAME = "$(TARGET_NAME)";
				TEST_HOST = "$(BUNDLE_LOADER)";
				WRAPPER_EXTENSION = xctest;
			};
			name = Release;
		};
/* End XCBuildConfiguration section */

/* Begin XCConfigurationList section */
		D890115A195F4B96002BBE2B /* Build configuration list for PBXProject "KVCalendarPickerView" */ = {
			isa = XCConfigurationList;
			buildConfigurations = (
				D8901192195F4B97002BBE2B /* Debug */,
				D8901193195F4B97002BBE2B /* Release */,
			);
			defaultConfigurationIsVisible = 0;
			defaultConfigurationName = Release;
		};
		D8901194195F4B97002BBE2B /* Build configuration list for PBXNativeTarget "KVCalendarPickerView" */ = {
			isa = XCConfigurationList;
			buildConfigurations = (
				D8901195195F4B97002BBE2B /* Debug */,
				D8901196195F4B97002BBE2B /* Release */,
			);
			defaultConfigurationIsVisible = 0;
			defaultConfigurationName = Release;
		};
		D8901197195F4B97002BBE2B /* Build configuration list for PBXNativeTarget "KVCalendarPickerViewTests" */ = {
			isa = XCConfigurationList;
			buildConfigurations = (
				D8901198195F4B97002BBE2B /* Debug */,
				D8901199195F4B97002BBE2B /* Release */,
			);
			defaultConfigurationIsVisible = 0;
			defaultConfigurationName = Release;
		};
/* End XCConfigurationList section */
	};
	rootObject = D8901157195F4B96002BBE2B /* Project object */;
}
